
Microsoft Visual Studio Solution File, Format Version 12.00
Project("{2150E333-8FDC-42A3-9474-1A3956D46DE8}") = "00 Auth", "00 Auth", "{DC81EB65-D210-4D24-9B30-1F8F847F02DF}"
EndProject
Project("{FAE04EC0-301F-11D3-BF4B-00C04F79EFBC}") = "wr-fido2-demo.auth.host", "source\wr-fido2-demo.auth.host\wr-fido2-demo.auth.host.csproj", "{D25ABAF9-372E-47F6-B6CC-AE063F397199}"
EndProject
Project("{2150E333-8FDC-42A3-9474-1A3956D46DE8}") = "99 Solution Files", "99 Solution Files", "{66188574-458B-4ABC-B844-8EC5DCE061CC}"
EndProject
Global
	GlobalSection(SolutionConfigurationPlatforms) = preSolution
		Debug|Any CPU = Debug|Any CPU
		Release|Any CPU = Release|Any CPU
	EndGlobalSection
	GlobalSection(NestedProjects) = preSolution
		{D25ABAF9-372E-47F6-B6CC-AE063F397199} = {DC81EB65-D210-4D24-9B30-1F8F847F02DF}
	EndGlobalSection
	GlobalSection(ProjectConfigurationPlatforms) = postSolution
		{D25ABAF9-372E-47F6-B6CC-AE063F397199}.Debug|Any CPU.ActiveCfg = Debug|Any CPU
		{D25ABAF9-372E-47F6-B6CC-AE063F397199}.Debug|Any CPU.Build.0 = Debug|Any CPU
		{D25ABAF9-372E-47F6-B6CC-AE063F397199}.Release|Any CPU.ActiveCfg = Release|Any CPU
		{D25ABAF9-372E-47F6-B6CC-AE063F397199}.Release|Any CPU.Build.0 = Release|Any CPU
	EndGlobalSection
EndGlobal
